
Microsoft Visual Studio Solution File, Format Version 12.00
# Visual Studio Version 17
VisualStudioVersion = 17.6.33815.320
MinimumVisualStudioVersion = 10.0.40219.1
Project("{FAE04EC0-301F-11D3-BF4B-00C04F79EFBC}") = "ConsoleApp1", "ConsoleApp1\ConsoleApp1.csproj", "{B89D0F1B-92DC-40A0-958B-8A2536A4DC92}"
EndProject
Global
	GlobalSection(SolutionConfigurationPlatforms) = preSolution
		Debug|Any CPU = Debug|Any CPU
		Release|Any CPU = Release|Any CPU
	EndGlobalSection
	GlobalSection(ProjectConfigurationPlatforms) = postSolution
		{B89D0F1B-92DC-40A0-958B-8A2536A4DC92}.Debug|Any CPU.ActiveCfg = Debug|Any CPU
		{B89D0F1B-92DC-40A0-958B-8A2536A4DC92}.Debug|Any CPU.Build.0 = Debug|Any CPU
		{B89D0F1B-92DC-40A0-958B-8A2536A4DC92}.Release|Any CPU.ActiveCfg = Release|Any CPU
		{B89D0F1B-92DC-40A0-958B-8A2536A4DC92}.Release|Any CPU.Build.0 = Release|Any CPU
	EndGlobalSection
	GlobalSection(SolutionProperties) = preSolution
		HideSolutionNode = FALSE
	EndGlobalSection
	GlobalSection(ExtensibilityGlobals) = postSolution
		SolutionGuid = {BBAC86B8-B90D-4BD1-AAE1-DAA80CC70EA5}
	EndGlobalSection
EndGlobal
